
Microsoft Visual Studio Solution File, Format Version 12.00
# Visual Studio 14
VisualStudioVersion = 14.0.25420.1
MinimumVisualStudioVersion = 10.0.40219.1
Project("{2150E333-8FDC-42A3-9474-1A3956D46DE8}") = "src", "src", "{8776BEF5-819B-41ED-8C55-76D9F63433BF}"
EndProject
Project("{2150E333-8FDC-42A3-9474-1A3956D46DE8}") = "Solution Items", "Solution Items", "{F915E217-1E26-4476-B709-1A86D6835942}"
	ProjectSection(SolutionItems) = preProject
		global.json = global.json
	EndProjectSection
EndProject
Project("{8BB2217D-0F2D-49D1-97BC-3654ED321F3B}") = "HistoricalMeasures", "src\HistoricalMeasures\HistoricalMeasures.xproj", "{2664C23F-F0E6-40F7-AD6D-B016471B1B85}"
EndProject
Global
	GlobalSection(SolutionConfigurationPlatforms) = preSolution
		Debug|Any CPU = Debug|Any CPU
		Release|Any CPU = Release|Any CPU
	EndGlobalSection
	GlobalSection(ProjectConfigurationPlatforms) = postSolution
		{2664C23F-F0E6-40F7-AD6D-B016471B1B85}.Debug|Any CPU.ActiveCfg = Debug|Any CPU
		{2664C23F-F0E6-40F7-AD6D-B016471B1B85}.Debug|Any CPU.Build.0 = Debug|Any CPU
		{2664C23F-F0E6-40F7-AD6D-B016471B1B85}.Release|Any CPU.ActiveCfg = Release|Any CPU
		{2664C23F-F0E6-40F7-AD6D-B016471B1B85}.Release|Any CPU.Build.0 = Release|Any CPU
	EndGlobalSection
	GlobalSection(SolutionProperties) = preSolution
		HideSolutionNode = FALSE
	EndGlobalSection
	GlobalSection(NestedProjects) = preSolution
		{2664C23F-F0E6-40F7-AD6D-B016471B1B85} = {8776BEF5-819B-41ED-8C55-76D9F63433BF}
	EndGlobalSection
EndGlobal
